
Microsoft Visual Studio Solution File, Format Version 12.00
# Visual Studio Version 16
VisualStudioVersion = 16.0.31624.102
MinimumVisualStudioVersion = 10.0.40219.1
Project("{FAE04EC0-301F-11D3-BF4B-00C04F79EFBC}") = "ischoll1c1", "ischoll1c1\ischoll1c1.csproj", "{9FED3BAD-A660-4BCB-8DB0-7CBC2EB3DAA7}"
EndProject
Global
	GlobalSection(SolutionConfigurationPlatforms) = preSolution
		Debug|Any CPU = Debug|Any CPU
		Release|Any CPU = Release|Any CPU
	EndGlobalSection
	GlobalSection(ProjectConfigurationPlatforms) = postSolution
		{9FED3BAD-A660-4BCB-8DB0-7CBC2EB3DAA7}.Debug|Any CPU.ActiveCfg = Debug|Any CPU
		{9FED3BAD-A660-4BCB-8DB0-7CBC2EB3DAA7}.Debug|Any CPU.Build.0 = Debug|Any CPU
		{9FED3BAD-A660-4BCB-8DB0-7CBC2EB3DAA7}.Release|Any CPU.ActiveCfg = Release|Any CPU
		{9FED3BAD-A660-4BCB-8DB0-7CBC2EB3DAA7}.Release|Any CPU.Build.0 = Release|Any CPU
	EndGlobalSection
	GlobalSection(SolutionProperties) = preSolution
		HideSolutionNode = FALSE
	EndGlobalSection
	GlobalSection(ExtensibilityGlobals) = postSolution
		SolutionGuid = {CC3CFA5D-A4B3-4B97-8E00-D5FEEBA6E343}
	EndGlobalSection
EndGlobal
